
Microsoft Visual Studio Solution File, Format Version 12.00
# Visual Studio Version 16
VisualStudioVersion = 16.0.34601.136
MinimumVisualStudioVersion = 10.0.40219.1
Project("{FAE04EC0-301F-11D3-BF4B-00C04F79EFBC}") = "WebApplication1", "WebApplication1\WebApplication1.csproj", "{D107B0D1-72B3-404D-A2A3-F7101888F8C5}"
EndProject
Global
	GlobalSection(SolutionConfigurationPlatforms) = preSolution
		Debug|Any CPU = Debug|Any CPU
		Release|Any CPU = Release|Any CPU
	EndGlobalSection
	GlobalSection(ProjectConfigurationPlatforms) = postSolution
		{D107B0D1-72B3-404D-A2A3-F7101888F8C5}.Debug|Any CPU.ActiveCfg = Debug|Any CPU
		{D107B0D1-72B3-404D-A2A3-F7101888F8C5}.Debug|Any CPU.Build.0 = Debug|Any CPU
		{D107B0D1-72B3-404D-A2A3-F7101888F8C5}.Release|Any CPU.ActiveCfg = Release|Any CPU
		{D107B0D1-72B3-404D-A2A3-F7101888F8C5}.Release|Any CPU.Build.0 = Release|Any CPU
	EndGlobalSection
	GlobalSection(SolutionProperties) = preSolution
		HideSolutionNode = FALSE
	EndGlobalSection
	GlobalSection(ExtensibilityGlobals) = postSolution
		SolutionGuid = {67A68C4B-882E-4940-B9EE-6B9B0F48203D}
	EndGlobalSection
EndGlobal
